
Microsoft Visual Studio Solution File, Format Version 12.00
# Visual Studio 2012
Project("{FAE04EC0-301F-11D3-BF4B-00C04F79EFBC}") = "TABLAS_RELACIONADAS", "TABLAS_RELACIONADAS\TABLAS_RELACIONADAS.csproj", "{AB334843-C8A9-486F-85A4-079FB92EA94D}"
EndProject
Global
	GlobalSection(SolutionConfigurationPlatforms) = preSolution
		Debug|Any CPU = Debug|Any CPU
		Release|Any CPU = Release|Any CPU
	EndGlobalSection
	GlobalSection(ProjectConfigurationPlatforms) = postSolution
		{AB334843-C8A9-486F-85A4-079FB92EA94D}.Debug|Any CPU.ActiveCfg = Debug|Any CPU
		{AB334843-C8A9-486F-85A4-079FB92EA94D}.Debug|Any CPU.Build.0 = Debug|Any CPU
		{AB334843-C8A9-486F-85A4-079FB92EA94D}.Release|Any CPU.ActiveCfg = Release|Any CPU
		{AB334843-C8A9-486F-85A4-079FB92EA94D}.Release|Any CPU.Build.0 = Release|Any CPU
	EndGlobalSection
	GlobalSection(SolutionProperties) = preSolution
		HideSolutionNode = FALSE
	EndGlobalSection
EndGlobal
